# generated by rye
# use `rye lock` or `rye sync` to update this lockfile
#
# last locked with the following flags:
#   pre: false
#   features: []
#   all-features: false
#   with-sources: false
#   generate-hashes: false
#   universal: false

-e file:.
absl-py==2.1.0
annotated-types==0.7.0
asttokens==2.4.1
blinker==1.8.2
click==8.1.7
comm==0.2.2
debugpy==1.8.5
decorator==5.1.1
deepdiff==6.7.1
executing==2.1.0
flask==3.0.3
iniconfig==2.0.0
ipykernel==6.29.5
ipython==8.27.0
itsdangerous==2.2.0
jedi==0.19.1
jinja2==3.1.4
jupyter-client==8.6.3
jupyter-core==5.7.2
linkify-it-py==2.0.3
markdown==3.7
markdown-it-py==3.0.0
markupsafe==2.1.5
matplotlib-inline==0.1.7
mdit-py-plugins==0.4.2
mdurl==0.1.2
mesop==0.12.4
msgpack==1.1.0
mypy==1.11.2
mypy-extensions==1.0.0
nest-asyncio==1.6.0
ordered-set==4.1.0
packaging==24.1
parso==0.8.4
pexpect==4.9.0
pip==24.2
platformdirs==4.3.6
pluggy==1.5.0
prompt-toolkit==3.0.47
protobuf==5.28.2
psutil==6.0.0
ptyprocess==0.7.0
pure-eval==0.2.3
pydantic==2.8.2
pydantic-core==2.20.1
pydantic-extra-types==2.9.0
pygments==2.18.0
pytest==8.3.2
python-dateutil==2.9.0.post0
python-dotenv==1.0.1
pyzmq==26.2.0
rich==13.8.0
rich-gradient==0.1.7
six==1.16.0
stack-data==0.6.3
textual==0.83.0
tornado==6.4.1
traitlets==5.14.3
typing-extensions==4.12.2
uc-micro-py==1.0.3
watchdog==5.0.2
wcwidth==0.2.13
werkzeug==3.0.4
